
Microsoft Visual Studio Solution File, Format Version 12.00
# Visual Studio Version 16
VisualStudioVersion = 16.0.29926.136
MinimumVisualStudioVersion = 10.0.40219.1
Project("{9A19103F-16F7-4668-BE54-9A1E7A4F7556}") = "Galaxism.TimeExtension", "src\Galaxism.TimeExtension\Galaxism.TimeExtension.csproj", "{73AA7CCC-88F7-4E85-BACB-6C3FD3334C9B}"
EndProject
Project("{FAE04EC0-301F-11D3-BF4B-00C04F79EFBC}") = "Galaxism.TimeExtensionTests", "src\Galaxism.TimeExtensionTests\Galaxism.TimeExtensionTests.csproj", "{03055C36-1173-4F7A-98D7-5AE35A634814}"
EndProject
Global
	GlobalSection(SolutionConfigurationPlatforms) = preSolution
		Debug|Any CPU = Debug|Any CPU
		Release|Any CPU = Release|Any CPU
	EndGlobalSection
	GlobalSection(ProjectConfigurationPlatforms) = postSolution
		{73AA7CCC-88F7-4E85-BACB-6C3FD3334C9B}.Debug|Any CPU.ActiveCfg = Debug|Any CPU
		{73AA7CCC-88F7-4E85-BACB-6C3FD3334C9B}.Debug|Any CPU.Build.0 = Debug|Any CPU
		{73AA7CCC-88F7-4E85-BACB-6C3FD3334C9B}.Release|Any CPU.ActiveCfg = Release|Any CPU
		{73AA7CCC-88F7-4E85-BACB-6C3FD3334C9B}.Release|Any CPU.Build.0 = Release|Any CPU
		{03055C36-1173-4F7A-98D7-5AE35A634814}.Debug|Any CPU.ActiveCfg = Debug|Any CPU
		{03055C36-1173-4F7A-98D7-5AE35A634814}.Debug|Any CPU.Build.0 = Debug|Any CPU
		{03055C36-1173-4F7A-98D7-5AE35A634814}.Release|Any CPU.ActiveCfg = Release|Any CPU
		{03055C36-1173-4F7A-98D7-5AE35A634814}.Release|Any CPU.Build.0 = Release|Any CPU
	EndGlobalSection
	GlobalSection(SolutionProperties) = preSolution
		HideSolutionNode = FALSE
	EndGlobalSection
	GlobalSection(ExtensibilityGlobals) = postSolution
		SolutionGuid = {DFE9CF81-4592-4A37-AC0A-D91E4148E42D}
	EndGlobalSection
EndGlobal
